Microsoft Visual Studio Solution File, Format Version 12.00
# Visual Studio Version 17
VisualStudioVersion = 17.5.2.0
MinimumVisualStudioVersion = 10.0.40219.1
Project("{FAE04EC0-301F-11D3-BF4B-00C04F79EFBC}") = "Web", "Web\Web.csproj", "{AE2BDC88-D1CD-68A9-724B-0BB2BF755B0E}"
EndProject
Project("{FAE04EC0-301F-11D3-BF4B-00C04F79EFBC}") = "Worker", "Worker\Worker.csproj", "{69C79C25-F84F-479E-3E79-EC68C71F7F70}"
EndProject
Project("{FAE04EC0-301F-11D3-BF4B-00C04F79EFBC}") = "Shared", "Shared\Shared.csproj", "{A5F860F6-A4EB-4E7A-937F-427FAE23A8B8}"
EndProject
Global
	GlobalSection(SolutionConfigurationPlatforms) = preSolution
		Debug|Any CPU = Debug|Any CPU
		Release|Any CPU = Release|Any CPU
	EndGlobalSection
	GlobalSection(ProjectConfigurationPlatforms) = postSolution
		{AE2BDC88-D1CD-68A9-724B-0BB2BF755B0E}.Debug|Any CPU.ActiveCfg = Debug|Any CPU
		{AE2BDC88-D1CD-68A9-724B-0BB2BF755B0E}.Debug|Any CPU.Build.0 = Debug|Any CPU
		{AE2BDC88-D1CD-68A9-724B-0BB2BF755B0E}.Release|Any CPU.ActiveCfg = Release|Any CPU
		{AE2BDC88-D1CD-68A9-724B-0BB2BF755B0E}.Release|Any CPU.Build.0 = Release|Any CPU
		{69C79C25-F84F-479E-3E79-EC68C71F7F70}.Debug|Any CPU.ActiveCfg = Debug|Any CPU
		{69C79C25-F84F-479E-3E79-EC68C71F7F70}.Debug|Any CPU.Build.0 = Debug|Any CPU
		{69C79C25-F84F-479E-3E79-EC68C71F7F70}.Release|Any CPU.ActiveCfg = Release|Any CPU
		{69C79C25-F84F-479E-3E79-EC68C71F7F70}.Release|Any CPU.Build.0 = Release|Any CPU
		{A5F860F6-A4EB-4E7A-937F-427FAE23A8B8}.Debug|Any CPU.ActiveCfg = Debug|Any CPU
		{A5F860F6-A4EB-4E7A-937F-427FAE23A8B8}.Debug|Any CPU.Build.0 = Debug|Any CPU
		{A5F860F6-A4EB-4E7A-937F-427FAE23A8B8}.Release|Any CPU.ActiveCfg = Release|Any CPU
		{A5F860F6-A4EB-4E7A-937F-427FAE23A8B8}.Release|Any CPU.Build.0 = Release|Any CPU
	EndGlobalSection
	GlobalSection(SolutionProperties) = preSolution
		HideSolutionNode = FALSE
	EndGlobalSection
	GlobalSection(ExtensibilityGlobals) = postSolution
		SolutionGuid = {ECF4C663-4E0D-4120-B354-FE2D584ECEE2}
	EndGlobalSection
EndGlobal
